
Microsoft Visual Studio Solution File, Format Version 11.00
# Visual Studio 2010
Project("{FAE04EC0-301F-11D3-BF4B-00C04F79EFBC}") = "AmbientesParte3", "Assembly-CSharp.csproj", "{981406F4-3383-4C66-5733-67EF0A2CA4F3}"
EndProject
Global
	GlobalSection(SolutionConfigurationPlatforms) = preSolution
		Debug|Any CPU = Debug|Any CPU
		Release|Any CPU = Release|Any CPU
	EndGlobalSection
	GlobalSection(ProjectConfigurationPlatforms) = postSolution
		{981406F4-3383-4C66-5733-67EF0A2CA4F3}.Debug|Any CPU.ActiveCfg = Debug|Any CPU
		{981406F4-3383-4C66-5733-67EF0A2CA4F3}.Debug|Any CPU.Build.0 = Debug|Any CPU
		{981406F4-3383-4C66-5733-67EF0A2CA4F3}.Release|Any CPU.ActiveCfg = Release|Any CPU
		{981406F4-3383-4C66-5733-67EF0A2CA4F3}.Release|Any CPU.Build.0 = Release|Any CPU
	EndGlobalSection
	GlobalSection(SolutionProperties) = preSolution
		HideSolutionNode = FALSE
	EndGlobalSection
	GlobalSection(MonoDevelopProperties) = preSolution
		StartupItem = Assembly-CSharp.csproj
	EndGlobalSection
EndGlobal
